
Microsoft Visual Studio Solution File, Format Version 12.00
# Visual Studio Version 17
VisualStudioVersion = 17.3.32825.248
MinimumVisualStudioVersion = 10.0.40219.1
Project("{FAE04EC0-301F-11D3-BF4B-00C04F79EFBC}") = "Motor_Control", "Motor_Control\Motor_Control.csproj", "{6AB51EC9-1BA0-4C85-AA41-4E53133AA952}"
EndProject
Global
	GlobalSection(SolutionConfigurationPlatforms) = preSolution
		Debug|Any CPU = Debug|Any CPU
		Release|Any CPU = Release|Any CPU
	EndGlobalSection
	GlobalSection(ProjectConfigurationPlatforms) = postSolution
		{6AB51EC9-1BA0-4C85-AA41-4E53133AA952}.Debug|Any CPU.ActiveCfg = Debug|Any CPU
		{6AB51EC9-1BA0-4C85-AA41-4E53133AA952}.Debug|Any CPU.Build.0 = Debug|Any CPU
		{6AB51EC9-1BA0-4C85-AA41-4E53133AA952}.Release|Any CPU.ActiveCfg = Release|Any CPU
		{6AB51EC9-1BA0-4C85-AA41-4E53133AA952}.Release|Any CPU.Build.0 = Release|Any CPU
	EndGlobalSection
	GlobalSection(SolutionProperties) = preSolution
		HideSolutionNode = FALSE
	EndGlobalSection
	GlobalSection(ExtensibilityGlobals) = postSolution
		SolutionGuid = {BA0F856B-6DEE-42EA-A909-6C9489ED54AC}
	EndGlobalSection
EndGlobal
